// !$*UTF8*$!
{
	archiveVersion = 1;
	classes = {
	};
	objectVersion = 50;
	objects = {

/* Begin PBXBuildFile section */
		8B5CE1BE2769E40F001D000F /* ContentView.swift in Sources */ = {isa = PBXBuildFile; fileRef = 8B5CE1BD2769E40F001D000F /* ContentView.swift */; };
		8B5CE1C02769E410001D000F /* Assets.xcassets in Resources */ = {isa = PBXBuildFile; fileRef = 8B5CE1BF2769E410001D000F /* Assets.xcassets */; };
		8B5CE1C32769E410001D000F /* Preview Assets.xcassets in Resources */ = {isa = PBXBuildFile; fileRef = 8B5CE1C22769E410001D000F /* Preview Assets.xcassets */; };
		8B5CE1DD2769F8FA001D000F /* weatherapp.swift in Sources */ = {isa = PBXBuildFile; fileRef = 8B5CE1DC2769F8FA001D000F /* weatherapp.swift */; };
		8B5CE1E32769F98F001D000F /* weatherappmodelview.swift in Sources */ = {isa = PBXBuildFile; fileRef = 8B5CE1E22769F98F001D000F /* weatherappmodelview.swift */; };
/* End PBXBuildFile section */

/* Begin PBXFileReference section */
		8B5CE1B82769E40F001D000F /* weatherapp.app */ = {isa = PBXFileReference; explicitFileType = wrapper.application; includeInIndex = 0; name = weatherapp.app; path = "/Users/developer/Desktop/weatherapp/build/Debug-iphoneos/weatherapp.app"; sourceTree = "<absolute>"; };
		8B5CE1BD2769E40F001D000F /* ContentView.swift */ = {isa = PBXFileReference; lastKnownFileType = sourcecode.swift; path = ContentView.swift; sourceTree = "<group>"; };
		8B5CE1BF2769E410001D000F /* Assets.xcassets */ = {isa = PBXFileReference; lastKnownFileType = folder.assetcatalog; path = Assets.xcassets; sourceTree = "<group>"; };
		8B5CE1C22769E410001D000F /* Preview Assets.xcassets */ = {isa = PBXFileReference; lastKnownFileType = folder.assetcatalog; path = "Preview Assets.xcassets"; sourceTree = "<group>"; };
		8B5CE1C42769E410001D000F /* Info.plist */ = {isa = PBXFileReference; lastKnownFileType = text.plist.xml; path = Info.plist; sourceTree = "<group>"; };
		8B5CE1DC2769F8FA001D000F /* weatherapp.swift */ = {isa = PBXFileReference; lastKnownFileType = sourcecode.swift; path = weatherapp.swift; sourceTree = "<group>"; };
		8B5CE1E22769F98F001D000F /* weatherappmodelview.swift */ = {isa = PBXFileReference; lastKnownFileType = sourcecode.swift; path = weatherappmodelview.swift; sourceTree = "<group>"; };
/* End PBXFileReference section */

/* Begin PBXFrameworksBuildPhase section */
		8B5CE1B52769E40F001D000F /* Frameworks */ = {
			isa = PBXFrameworksBuildPhase;
			buildActionMask = 2147483647;
			files = (
			);
			runOnlyForDeploymentPostprocessing = 0;
		};
/* End PBXFrameworksBuildPhase section */

/* Begin PBXGroup section */
		8B5CE1AF2769E40F001D000F = {
			isa = PBXGroup;
			children = (
				8B5CE1BA2769E40F001D000F /* weatherapp */,
			);
			sourceTree = "<group>";
		};
		8B5CE1BA2769E40F001D000F /* weatherapp */ = {
			isa = PBXGroup;
			children = (
				8B5CE1DC2769F8FA001D000F /* weatherapp.swift */,
				8B5CE1D12769E8EE001D000F /* ModelView */,
				8B5CE1CC2769E6FE001D000F /* View */,
				8B5CE1BD2769E40F001D000F /* ContentView.swift */,
				8B5CE1BF2769E410001D000F /* Assets.xcassets */,
				8B5CE1C42769E410001D000F /* Info.plist */,
				8B5CE1C12769E410001D000F /* Preview Content */,
			);
			path = weatherapp;
			sourceTree = "<group>";
		};
		8B5CE1C12769E410001D000F /* Preview Content */ = {
			isa = PBXGroup;
			children = (
				8B5CE1C22769E410001D000F /* Preview Assets.xcassets */,
			);
			path = "Preview Content";
			sourceTree = "<group>";
		};
		8B5CE1CC2769E6FE001D000F /* View */ = {
			isa = PBXGroup;
			children = (
			);
			path = View;
			sourceTree = "<group>";
		};
		8B5CE1D12769E8EE001D000F /* ModelView */ = {
			isa = PBXGroup;
			children = (
				8B5CE1E22769F98F001D000F /* weatherappmodelview.swift */,
			);
			path = ModelView;
			sourceTree = "<group>";
		};
/* End PBXGroup section */

/* Begin PBXNativeTarget section */
		8B5CE1B72769E40F001D000F /* weatherapp */ = {
			isa = PBXNativeTarget;
			buildConfigurationList = 8B5CE1C72769E410001D000F /* Build configuration list for PBXNativeTarget "weatherapp" */;
			buildPhases = (
				8B5CE1B42769E40F001D000F /* Sources */,
				8B5CE1B52769E40F001D000F /* Frameworks */,
				8B5CE1B62769E40F001D000F /* Resources */,
			);
			buildRules = (
			);
			dependencies = (
			);
			name = weatherapp;
			productName = weatherapp;
			productReference = 8B5CE1B82769E40F001D000F /* weatherapp.app */;
			productType = "com.apple.product-type.application";
		};
/* End PBXNativeTarget section */

/* Begin PBXProject section */
		8B5CE1B02769E40F001D000F /* Project object */ = {
			isa = PBXProject;
			attributes = {
				LastSwiftUpdateCheck = 1210;
				LastUpgradeCheck = 1210;
				TargetAttributes = {
					8B5CE1B72769E40F001D000F = {
						CreatedOnToolsVersion = 12.1;
					};
				};
			};
			buildConfigurationList = 8B5CE1B32769E40F001D000F /* Build configuration list for PBXProject "weatherapp" */;
			compatibilityVersion = "Xcode 9.3";
			developmentRegion = en;
			hasScannedForEncodings = 0;
			knownRegions = (
				en,
				Base,
			);
			mainGroup = 8B5CE1AF2769E40F001D000F;
			productRefGroup = 8B5CE1AF2769E40F001D000F;
			projectDirPath = "";
			projectRoot = "";
			targets = (
				8B5CE1B72769E40F001D000F /* weatherapp */,
			);
		};
/* End PBXProject section */

/* Begin PBXResourcesBuildPhase section */
		8B5CE1B62769E40F001D000F /* Resources */ = {
			isa = PBXResourcesBuildPhase;
			buildActionMask = 2147483647;
			files = (
				8B5CE1C32769E410001D000F /* Preview Assets.xcassets in Resources */,
				8B5CE1C02769E410001D000F /* Assets.xcassets in Resources */,
			);
			runOnlyForDeploymentPostprocessing = 0;
		};
/* End PBXResourcesBuildPhase section */

/* Begin PBXSourcesBuildPhase section */
		8B5CE1B42769E40F001D000F /* Sources */ = {
			isa = PBXSourcesBuildPhase;
			buildActionMask = 2147483647;
			files = (
				8B5CE1DD2769F8FA001D000F /* weatherapp.swift in Sources */,
				8B5CE1E32769F98F001D000F /* weatherappmodelview.swift in Sources */,
				8B5CE1BE2769E40F001D000F /* ContentView.swift in Sources */,
			);
			runOnlyForDeploymentPostprocessing = 0;
		};
/* End PBXSourcesBuildPhase section */

/* Begin XCBuildConfiguration section */
		8B5CE1C52769E410001D000F /* Debug */ = {
			isa = XCBuildConfiguration;
			buildSettings = {
				ALWAYS_SEARCH_USER_PATHS = NO;
				CLANG_ANALYZER_NONNULL = YES;
				CLANG_ANALYZER_NUMBER_OBJECT_CONVERSION = YES_AGGRESSIVE;
				CLANG_CXX_LANGUAGE_STANDARD = "gnu++14";
				CLANG_CXX_LIBRARY = "libc++";
				CLANG_ENABLE_MODULES = YES;
				CLANG_ENABLE_OBJC_ARC = YES;
				CLANG_ENABLE_OBJC_WEAK = YES;
				CLANG_WARN_BLOCK_CAPTURE_AUTORELEASING = YES;
				CLANG_WARN_BOOL_CONVERSION = YES;
				CLANG_WARN_COMMA = YES;
				CLANG_WARN_CONSTANT_CONVERSION = YES;
				CLANG_WARN_DEPRECATED_OBJC_IMPLEMENTATIONS = YES;
				CLANG_WARN_DIRECT_OBJC_ISA_USAGE = YES_ERROR;
				CLANG_WARN_DOCUMENTATION_COMMENTS = YES;
				CLANG_WARN_EMPTY_BODY = YES;
				CLANG_WARN_ENUM_CONVERSION = YES;
				CLANG_WARN_INFINITE_RECURSION = YES;
				CLANG_WARN_INT_CONVERSION = YES;
				CLANG_WARN_NON_LITERAL_NULL_CONVERSION = YES;
				CLANG_WARN_OBJC_IMPLICIT_RETAIN_SELF = YES;
				CLANG_WARN_OBJC_LITERAL_CONVERSION = YES;
				CLANG_WARN_OBJC_ROOT_CLASS = YES_ERROR;
				CLANG_WARN_QUOTED_INCLUDE_IN_FRAMEWORK_HEADER = YES;
				CLANG_WARN_RANGE_LOOP_ANALYSIS = YES;
				CLANG_WARN_STRICT_PROTOTYPES = YES;
				CLANG_WARN_SUSPICIOUS_MOVE = YES;
				CLANG_WARN_UNGUARDED_AVAILABILITY = YES_AGGRESSIVE;
				CLANG_WARN_UNREACHABLE_CODE = YES;
				CLANG_WARN__DUPLICATE_METHOD_MATCH = YES;
				COPY_PHASE_STRIP = NO;
				DEBUG_INFORMATION_FORMAT = dwarf;
				ENABLE_STRICT_OBJC_MSGSEND = YES;
				ENABLE_TESTABILITY = YES;
				GCC_C_LANGUAGE_STANDARD = gnu11;
				GCC_DYNAMIC_NO_PIC = NO;
				GCC_NO_COMMON_BLOCKS = YES;
				GCC_OPTIMIZATION_LEVEL = 0;
				GCC_PREPROCESSOR_DEFINITIONS = (
					"DEBUG=1",
					"$(inherited)",
				);
				GCC_WARN_64_TO_32_BIT_CONVERSION = YES;
				GCC_WARN_ABOUT_RETURN_TYPE = YES_ERROR;
				GCC_WARN_UNDECLARED_SELECTOR = YES;
				GCC_WARN_UNINITIALIZED_AUTOS = YES_AGGRESSIVE;
				GCC_WARN_UNUSED_FUNCTION = YES;
				GCC_WARN_UNUSED_VARIABLE = YES;
				IPHONEOS_DEPLOYMENT_TARGET = 14.1;
				MTL_ENABLE_DEBUG_INFO = INCLUDE_SOURCE;
				MTL_FAST_MATH = YES;
				ONLY_ACTIVE_ARCH = YES;
				SDKROOT = iphoneos;
				SWIFT_ACTIVE_COMPILATION_CONDITIONS = DEBUG;
				SWIFT_OPTIMIZATION_LEVEL = "-Onone";
			};
			name = Debug;
		};
		8B5CE1C62769E410001D000F /* Release */ = {
			isa = XCBuildConfiguration;
			buildSettings = {
				ALWAYS_SEARCH_USER_PATHS = NO;
				CLANG_ANALYZER_NONNULL = YES;
				CLANG_ANALYZER_NUMBER_OBJECT_CONVERSION = YES_AGGRESSIVE;
				CLANG_CXX_LANGUAGE_STANDARD = "gnu++14";
				CLANG_CXX_LIBRARY = "libc++";
				CLANG_ENABLE_MODULES = YES;
				CLANG_ENABLE_OBJC_ARC = YES;
				CLANG_ENABLE_OBJC_WEAK = YES;
				CLANG_WARN_BLOCK_CAPTURE_AUTORELEASING = YES;
				CLANG_WARN_BOOL_CONVERSION = YES;
				CLANG_WARN_COMMA = YES;
				CLANG_WARN_CONSTANT_CONVERSION = YES;
				CLANG_WARN_DEPRECATED_OBJC_IMPLEMENTATIONS = YES;
				CLANG_WARN_DIRECT_OBJC_ISA_USAGE = YES_ERROR;
				CLANG_WARN_DOCUMENTATION_COMMENTS = YES;
				CLANG_WARN_EMPTY_BODY = YES;
				CLANG_WARN_ENUM_CONVERSION = YES;
				CLANG_WARN_INFINITE_RECURSION = YES;
				CLANG_WARN_INT_CONVERSION = YES;
				CLANG_WARN_NON_LITERAL_NULL_CONVERSION = YES;
				CLANG_WARN_OBJC_IMPLICIT_RETAIN_SELF = YES;
				CLANG_WARN_OBJC_LITERAL_CONVERSION = YES;
				CLANG_WARN_OBJC_ROOT_CLASS = YES_ERROR;
				CLANG_WARN_QUOTED_INCLUDE_IN_FRAMEWORK_HEADER = YES;
				CLANG_WARN_RANGE_LOOP_ANALYSIS = YES;
				CLANG_WARN_STRICT_PROTOTYPES = YES;
				CLANG_WARN_SUSPICIOUS_MOVE = YES;
				CLANG_WARN_UNGUARDED_AVAILABILITY = YES_AGGRESSIVE;
				CLANG_WARN_UNREACHABLE_CODE = YES;
				CLANG_WARN__DUPLICATE_METHOD_MATCH = YES;
				COPY_PHASE_STRIP = NO;
				DEBUG_INFORMATION_FORMAT = "dwarf-with-dsym";
				ENABLE_NS_ASSERTIONS = NO;
				ENABLE_STRICT_OBJC_MSGSEND = YES;
				GCC_C_LANGUAGE_STANDARD = gnu11;
				GCC_NO_COMMON_BLOCKS = YES;
				GCC_WARN_64_TO_32_BIT_CONVERSION = YES;
				GCC_WARN_ABOUT_RETURN_TYPE = YES_ERROR;
				GCC_WARN_UNDECLARED_SELECTOR = YES;
				GCC_WARN_UNINITIALIZED_AUTOS = YES_AGGRESSIVE;
				GCC_WARN_UNUSED_FUNCTION = YES;
				GCC_WARN_UNUSED_VARIABLE = YES;
				IPHONEOS_DEPLOYMENT_TARGET = 14.1;
				MTL_ENABLE_DEBUG_INFO = NO;
				MTL_FAST_MATH = YES;
				SDKROOT = iphoneos;
				SWIFT_COMPILATION_MODE = wholemodule;
				SWIFT_OPTIMIZATION_LEVEL = "-O";
				VALIDATE_PRODUCT = YES;
			};
			name = Release;
		};
		8B5CE1C82769E410001D000F /* Debug */ = {
			isa = XCBuildConfiguration;
			buildSettings = {
				ASSETCATALOG_COMPILER_APPICON_NAME = AppIcon;
				ASSETCATALOG_COMPILER_GLOBAL_ACCENT_COLOR_NAME = AccentColor;
				CODE_SIGN_STYLE = Automatic;
				DEVELOPMENT_ASSET_PATHS = "\"weatherapp/Preview Content\"";
				ENABLE_PREVIEWS = YES;
				INFOPLIST_FILE = weatherapp/Info.plist;
				IPHONEOS_DEPLOYMENT_TARGET = 14.0;
				LD_RUNPATH_SEARCH_PATHS = (
					"$(inherited)",
					"@executable_path/Frameworks",
				);
				PRODUCT_BUNDLE_IDENTIFIER = Istec.weatherapp;
				PRODUCT_NAME = "$(TARGET_NAME)";
				SWIFT_VERSION = 5.0;
				TARGETED_DEVICE_FAMILY = "1,2";
			};
			name = Debug;
		};
		8B5CE1C92769E410001D000F /* Release */ = {
			isa = XCBuildConfiguration;
			buildSettings = {
				ASSETCATALOG_COMPILER_APPICON_NAME = AppIcon;
				ASSETCATALOG_COMPILER_GLOBAL_ACCENT_COLOR_NAME = AccentColor;
				CODE_SIGN_STYLE = Automatic;
				DEVELOPMENT_ASSET_PATHS = "\"weatherapp/Preview Content\"";
				ENABLE_PREVIEWS = YES;
				INFOPLIST_FILE = weatherapp/Info.plist;
				IPHONEOS_DEPLOYMENT_TARGET = 14.0;
				LD_RUNPATH_SEARCH_PATHS = (
					"$(inherited)",
					"@executable_path/Frameworks",
				);
				PRODUCT_BUNDLE_IDENTIFIER = Istec.weatherapp;
				PRODUCT_NAME = "$(TARGET_NAME)";
				SWIFT_VERSION = 5.0;
				TARGETED_DEVICE_FAMILY = "1,2";
			};
			name = Release;
		};
/* End XCBuildConfiguration section */

/* Begin XCConfigurationList section */
		8B5CE1B32769E40F001D000F /* Build configuration list for PBXProject "weatherapp" */ = {
			isa = XCConfigurationList;
			buildConfigurations = (
				8B5CE1C52769E410001D000F /* Debug */,
				8B5CE1C62769E410001D000F /* Release */,
			);
			defaultConfigurationIsVisible = 0;
			defaultConfigurationName = Release;
		};
		8B5CE1C72769E410001D000F /* Build configuration list for PBXNativeTarget "weatherapp" */ = {
			isa = XCConfigurationList;
			buildConfigurations = (
				8B5CE1C82769E410001D000F /* Debug */,
				8B5CE1C92769E410001D000F /* Release */,
			);
			defaultConfigurationIsVisible = 0;
			defaultConfigurationName = Release;
		};
/* End XCConfigurationList section */
	};
	rootObject = 8B5CE1B02769E40F001D000F /* Project object */;
}
